
Microsoft Visual Studio Solution File, Format Version 12.00
# Visual Studio Version 16
VisualStudioVersion = 16.0.32428.217
MinimumVisualStudioVersion = 10.0.40219.1
Project("{9A19103F-16F7-4668-BE54-9A1E7A4F7556}") = "Buisness", "Buisness\Buisness.csproj", "{D37F569E-A038-491B-B911-F3F66F606C50}"
EndProject
Project("{9A19103F-16F7-4668-BE54-9A1E7A4F7556}") = "WebApi", "WebApi\WebApi.csproj", "{545EA3C8-C238-47F3-AC6C-164B6706C548}"
EndProject
Project("{9A19103F-16F7-4668-BE54-9A1E7A4F7556}") = "DataAccess", "DataAccess\DataAccess.csproj", "{D5B96A38-91EF-4F8B-9DBC-67C5B82E31E7}"
EndProject
Project("{FAE04EC0-301F-11D3-BF4B-00C04F79EFBC}") = "Infrastructure", "Infrastructure\Infrastructure.csproj", "{0584B679-F0F8-4E62-81CE-566B1C6C6280}"
EndProject
Project("{FAE04EC0-301F-11D3-BF4B-00C04F79EFBC}") = "OcrConsole", "OcrConsole\OcrConsole.csproj", "{C3983F1F-29B2-488F-9948-4C279EA23F89}"
EndProject
Project("{FAE04EC0-301F-11D3-BF4B-00C04F79EFBC}") = "WebApp", "WebApp\WebApp.csproj", "{D1E29D96-F423-4597-B4EF-9A31D697F213}"
EndProject
Global
	GlobalSection(SolutionConfigurationPlatforms) = preSolution
		Debug|Any CPU = Debug|Any CPU
		Release|Any CPU = Release|Any CPU
	EndGlobalSection
	GlobalSection(ProjectConfigurationPlatforms) = postSolution
		{D37F569E-A038-491B-B911-F3F66F606C50}.Debug|Any CPU.ActiveCfg = Debug|Any CPU
		{D37F569E-A038-491B-B911-F3F66F606C50}.Debug|Any CPU.Build.0 = Debug|Any CPU
		{D37F569E-A038-491B-B911-F3F66F606C50}.Release|Any CPU.ActiveCfg = Release|Any CPU
		{D37F569E-A038-491B-B911-F3F66F606C50}.Release|Any CPU.Build.0 = Release|Any CPU
		{545EA3C8-C238-47F3-AC6C-164B6706C548}.Debug|Any CPU.ActiveCfg = Debug|Any CPU
		{545EA3C8-C238-47F3-AC6C-164B6706C548}.Debug|Any CPU.Build.0 = Debug|Any CPU
		{545EA3C8-C238-47F3-AC6C-164B6706C548}.Release|Any CPU.ActiveCfg = Release|Any CPU
		{545EA3C8-C238-47F3-AC6C-164B6706C548}.Release|Any CPU.Build.0 = Release|Any CPU
		{D5B96A38-91EF-4F8B-9DBC-67C5B82E31E7}.Debug|Any CPU.ActiveCfg = Debug|Any CPU
		{D5B96A38-91EF-4F8B-9DBC-67C5B82E31E7}.Debug|Any CPU.Build.0 = Debug|Any CPU
		{D5B96A38-91EF-4F8B-9DBC-67C5B82E31E7}.Release|Any CPU.ActiveCfg = Release|Any CPU
		{D5B96A38-91EF-4F8B-9DBC-67C5B82E31E7}.Release|Any CPU.Build.0 = Release|Any CPU
		{0584B679-F0F8-4E62-81CE-566B1C6C6280}.Debug|Any CPU.ActiveCfg = Debug|Any CPU
		{0584B679-F0F8-4E62-81CE-566B1C6C6280}.Debug|Any CPU.Build.0 = Debug|Any CPU
		{0584B679-F0F8-4E62-81CE-566B1C6C6280}.Release|Any CPU.ActiveCfg = Release|Any CPU
		{0584B679-F0F8-4E62-81CE-566B1C6C6280}.Release|Any CPU.Build.0 = Release|Any CPU
		{C3983F1F-29B2-488F-9948-4C279EA23F89}.Debug|Any CPU.ActiveCfg = Debug|Any CPU
		{C3983F1F-29B2-488F-9948-4C279EA23F89}.Debug|Any CPU.Build.0 = Debug|Any CPU
		{C3983F1F-29B2-488F-9948-4C279EA23F89}.Release|Any CPU.ActiveCfg = Release|Any CPU
		{C3983F1F-29B2-488F-9948-4C279EA23F89}.Release|Any CPU.Build.0 = Release|Any CPU
		{D1E29D96-F423-4597-B4EF-9A31D697F213}.Debug|Any CPU.ActiveCfg = Debug|Any CPU
		{D1E29D96-F423-4597-B4EF-9A31D697F213}.Debug|Any CPU.Build.0 = Debug|Any CPU
		{D1E29D96-F423-4597-B4EF-9A31D697F213}.Release|Any CPU.ActiveCfg = Release|Any CPU
		{D1E29D96-F423-4597-B4EF-9A31D697F213}.Release|Any CPU.Build.0 = Release|Any CPU
	EndGlobalSection
	GlobalSection(SolutionProperties) = preSolution
		HideSolutionNode = FALSE
	EndGlobalSection
	GlobalSection(ExtensibilityGlobals) = postSolution
		SolutionGuid = {4310F38C-2F20-46FC-A9E7-D1487EF20E46}
	EndGlobalSection
EndGlobal
